
Microsoft Visual Studio Solution File, Format Version 12.00
# Visual Studio 15
VisualStudioVersion = 15.0.27703.2026
MinimumVisualStudioVersion = 10.0.40219.1
Project("{FAE04EC0-301F-11D3-BF4B-00C04F79EFBC}") = "WLib", "WLib\WLib.csproj", "{69D92973-B7BC-4C0B-8038-F9063D2EB2A1}"
EndProject
Project("{FAE04EC0-301F-11D3-BF4B-00C04F79EFBC}") = "WLib.ArcGis", "WLib.ArcGis\WLib.ArcGis.csproj", "{0E418C82-3534-4604-BEE4-4E5BD0BB926D}"
EndProject
Project("{FAE04EC0-301F-11D3-BF4B-00C04F79EFBC}") = "WLib.Envir", "WLib.Envir\WLib.Envir.csproj", "{32FB07DD-7400-4011-BEBC-72ED503B4911}"
EndProject
Project("{FAE04EC0-301F-11D3-BF4B-00C04F79EFBC}") = "WLib.Gdal", "WLib.Gdal\WLib.Gdal.csproj", "{73E59E4B-109F-45BF-AC22-EFFBCACFBF91}"
EndProject
Project("{FAE04EC0-301F-11D3-BF4B-00C04F79EFBC}") = "WLib.UserCtrls", "WLib.UserCtrl\WLib.UserCtrls.csproj", "{854A8E9D-31D4-4BC5-89FF-703318999065}"
EndProject
Project("{FAE04EC0-301F-11D3-BF4B-00C04F79EFBC}") = "WLib.UserCtrls.Dev", "WLib.UserCtrl.Dev\WLib.UserCtrls.Dev.csproj", "{5AC4FBCA-7DC4-49AD-B3EF-F5A7BA5A5A47}"
EndProject
Project("{2150E333-8FDC-42A3-9474-1A3956D46DE8}") = "Platform", "Platform", "{5130DE59-664E-4262-A66B-843EF83DB399}"
EndProject
Project("{2150E333-8FDC-42A3-9474-1A3956D46DE8}") = "Samples", "Samples", "{82CF099A-0360-4FE0-8DDC-084450D1151E}"
EndProject
Project("{FAE04EC0-301F-11D3-BF4B-00C04F79EFBC}") = "WLib.Files.Excel", "WLib.Files.Excel\WLib.Files.Excel.csproj", "{AEB9C1BE-96CF-42F5-AB08-7A45817CF906}"
EndProject
Project("{FAE04EC0-301F-11D3-BF4B-00C04F79EFBC}") = "WLib.Files.Word", "WLib.Files.Word\WLib.Files.Word.csproj", "{140B142F-0A73-4561-91CA-2AD98CF38572}"
EndProject
Project("{FAE04EC0-301F-11D3-BF4B-00C04F79EFBC}") = "WLib.Samples.WinForm.Dev", "WLib.Samples.WinForm.Dev\WLib.Samples.WinForm.Dev.csproj", "{8317647A-13E3-43CE-9F67-237B516F4DB6}"
EndProject
Project("{FAE04EC0-301F-11D3-BF4B-00C04F79EFBC}") = "WLib.Samples.WinForm", "WLib.Samples.WinForm\WLib.Samples.WinForm.csproj", "{D53D57B8-2EFC-4B8E-BA32-3302EF5F9836}"
EndProject
Global
	GlobalSection(SolutionConfigurationPlatforms) = preSolution
		Debug|Any CPU = Debug|Any CPU
		Debug|x86 = Debug|x86
		Release|Any CPU = Release|Any CPU
		Release|x86 = Release|x86
	EndGlobalSection
	GlobalSection(ProjectConfigurationPlatforms) = postSolution
		{69D92973-B7BC-4C0B-8038-F9063D2EB2A1}.Debug|Any CPU.ActiveCfg = Debug|Any CPU
		{69D92973-B7BC-4C0B-8038-F9063D2EB2A1}.Debug|Any CPU.Build.0 = Debug|Any CPU
		{69D92973-B7BC-4C0B-8038-F9063D2EB2A1}.Debug|x86.ActiveCfg = Debug|x86
		{69D92973-B7BC-4C0B-8038-F9063D2EB2A1}.Debug|x86.Build.0 = Debug|x86
		{69D92973-B7BC-4C0B-8038-F9063D2EB2A1}.Release|Any CPU.ActiveCfg = Release|Any CPU
		{69D92973-B7BC-4C0B-8038-F9063D2EB2A1}.Release|Any CPU.Build.0 = Release|Any CPU
		{69D92973-B7BC-4C0B-8038-F9063D2EB2A1}.Release|x86.ActiveCfg = Release|x86
		{69D92973-B7BC-4C0B-8038-F9063D2EB2A1}.Release|x86.Build.0 = Release|x86
		{0E418C82-3534-4604-BEE4-4E5BD0BB926D}.Debug|Any CPU.ActiveCfg = Debug|Any CPU
		{0E418C82-3534-4604-BEE4-4E5BD0BB926D}.Debug|Any CPU.Build.0 = Debug|Any CPU
		{0E418C82-3534-4604-BEE4-4E5BD0BB926D}.Debug|x86.ActiveCfg = Debug|x86
		{0E418C82-3534-4604-BEE4-4E5BD0BB926D}.Debug|x86.Build.0 = Debug|x86
		{0E418C82-3534-4604-BEE4-4E5BD0BB926D}.Release|Any CPU.ActiveCfg = Release|Any CPU
		{0E418C82-3534-4604-BEE4-4E5BD0BB926D}.Release|Any CPU.Build.0 = Release|Any CPU
		{0E418C82-3534-4604-BEE4-4E5BD0BB926D}.Release|x86.ActiveCfg = Release|x86
		{0E418C82-3534-4604-BEE4-4E5BD0BB926D}.Release|x86.Build.0 = Release|x86
		{32FB07DD-7400-4011-BEBC-72ED503B4911}.Debug|Any CPU.ActiveCfg = Debug|Any CPU
		{32FB07DD-7400-4011-BEBC-72ED503B4911}.Debug|Any CPU.Build.0 = Debug|Any CPU
		{32FB07DD-7400-4011-BEBC-72ED503B4911}.Debug|x86.ActiveCfg = Debug|x86
		{32FB07DD-7400-4011-BEBC-72ED503B4911}.Debug|x86.Build.0 = Debug|x86
		{32FB07DD-7400-4011-BEBC-72ED503B4911}.Release|Any CPU.ActiveCfg = Release|Any CPU
		{32FB07DD-7400-4011-BEBC-72ED503B4911}.Release|Any CPU.Build.0 = Release|Any CPU
		{32FB07DD-7400-4011-BEBC-72ED503B4911}.Release|x86.ActiveCfg = Release|x86
		{32FB07DD-7400-4011-BEBC-72ED503B4911}.Release|x86.Build.0 = Release|x86
		{73E59E4B-109F-45BF-AC22-EFFBCACFBF91}.Debug|Any CPU.ActiveCfg = Debug|Any CPU
		{73E59E4B-109F-45BF-AC22-EFFBCACFBF91}.Debug|Any CPU.Build.0 = Debug|Any CPU
		{73E59E4B-109F-45BF-AC22-EFFBCACFBF91}.Debug|x86.ActiveCfg = Debug|x86
		{73E59E4B-109F-45BF-AC22-EFFBCACFBF91}.Debug|x86.Build.0 = Debug|x86
		{73E59E4B-109F-45BF-AC22-EFFBCACFBF91}.Release|Any CPU.ActiveCfg = Release|Any CPU
		{73E59E4B-109F-45BF-AC22-EFFBCACFBF91}.Release|Any CPU.Build.0 = Release|Any CPU
		{73E59E4B-109F-45BF-AC22-EFFBCACFBF91}.Release|x86.ActiveCfg = Release|Any CPU
		{73E59E4B-109F-45BF-AC22-EFFBCACFBF91}.Release|x86.Build.0 = Release|Any CPU
		{854A8E9D-31D4-4BC5-89FF-703318999065}.Debug|Any CPU.ActiveCfg = Debug|Any CPU
		{854A8E9D-31D4-4BC5-89FF-703318999065}.Debug|Any CPU.Build.0 = Debug|Any CPU
		{854A8E9D-31D4-4BC5-89FF-703318999065}.Debug|x86.ActiveCfg = Debug|x86
		{854A8E9D-31D4-4BC5-89FF-703318999065}.Debug|x86.Build.0 = Debug|x86
		{854A8E9D-31D4-4BC5-89FF-703318999065}.Release|Any CPU.ActiveCfg = Release|Any CPU
		{854A8E9D-31D4-4BC5-89FF-703318999065}.Release|Any CPU.Build.0 = Release|Any CPU
		{854A8E9D-31D4-4BC5-89FF-703318999065}.Release|x86.ActiveCfg = Release|x86
		{854A8E9D-31D4-4BC5-89FF-703318999065}.Release|x86.Build.0 = Release|x86
		{5AC4FBCA-7DC4-49AD-B3EF-F5A7BA5A5A47}.Debug|Any CPU.ActiveCfg = Debug|Any CPU
		{5AC4FBCA-7DC4-49AD-B3EF-F5A7BA5A5A47}.Debug|Any CPU.Build.0 = Debug|Any CPU
		{5AC4FBCA-7DC4-49AD-B3EF-F5A7BA5A5A47}.Debug|x86.ActiveCfg = Debug|x86
		{5AC4FBCA-7DC4-49AD-B3EF-F5A7BA5A5A47}.Debug|x86.Build.0 = Debug|x86
		{5AC4FBCA-7DC4-49AD-B3EF-F5A7BA5A5A47}.Release|Any CPU.ActiveCfg = Release|Any CPU
		{5AC4FBCA-7DC4-49AD-B3EF-F5A7BA5A5A47}.Release|Any CPU.Build.0 = Release|Any CPU
		{5AC4FBCA-7DC4-49AD-B3EF-F5A7BA5A5A47}.Release|x86.ActiveCfg = Release|x86
		{5AC4FBCA-7DC4-49AD-B3EF-F5A7BA5A5A47}.Release|x86.Build.0 = Release|x86
		{AEB9C1BE-96CF-42F5-AB08-7A45817CF906}.Debug|Any CPU.ActiveCfg = Debug|Any CPU
		{AEB9C1BE-96CF-42F5-AB08-7A45817CF906}.Debug|Any CPU.Build.0 = Debug|Any CPU
		{AEB9C1BE-96CF-42F5-AB08-7A45817CF906}.Debug|x86.ActiveCfg = Debug|x86
		{AEB9C1BE-96CF-42F5-AB08-7A45817CF906}.Debug|x86.Build.0 = Debug|x86
		{AEB9C1BE-96CF-42F5-AB08-7A45817CF906}.Release|Any CPU.ActiveCfg = Release|Any CPU
		{AEB9C1BE-96CF-42F5-AB08-7A45817CF906}.Release|Any CPU.Build.0 = Release|Any CPU
		{AEB9C1BE-96CF-42F5-AB08-7A45817CF906}.Release|x86.ActiveCfg = Release|x86
		{AEB9C1BE-96CF-42F5-AB08-7A45817CF906}.Release|x86.Build.0 = Release|x86
		{140B142F-0A73-4561-91CA-2AD98CF38572}.Debug|Any CPU.ActiveCfg = Debug|Any CPU
		{140B142F-0A73-4561-91CA-2AD98CF38572}.Debug|Any CPU.Build.0 = Debug|Any CPU
		{140B142F-0A73-4561-91CA-2AD98CF38572}.Debug|x86.ActiveCfg = Debug|x86
		{140B142F-0A73-4561-91CA-2AD98CF38572}.Debug|x86.Build.0 = Debug|x86
		{140B142F-0A73-4561-91CA-2AD98CF38572}.Release|Any CPU.ActiveCfg = Release|Any CPU
		{140B142F-0A73-4561-91CA-2AD98CF38572}.Release|Any CPU.Build.0 = Release|Any CPU
		{140B142F-0A73-4561-91CA-2AD98CF38572}.Release|x86.ActiveCfg = Release|x86
		{140B142F-0A73-4561-91CA-2AD98CF38572}.Release|x86.Build.0 = Release|x86
		{8317647A-13E3-43CE-9F67-237B516F4DB6}.Debug|Any CPU.ActiveCfg = Debug|Any CPU
		{8317647A-13E3-43CE-9F67-237B516F4DB6}.Debug|Any CPU.Build.0 = Debug|Any CPU
		{8317647A-13E3-43CE-9F67-237B516F4DB6}.Debug|x86.ActiveCfg = Debug|x86
		{8317647A-13E3-43CE-9F67-237B516F4DB6}.Debug|x86.Build.0 = Debug|x86
		{8317647A-13E3-43CE-9F67-237B516F4DB6}.Release|Any CPU.ActiveCfg = Release|Any CPU
		{8317647A-13E3-43CE-9F67-237B516F4DB6}.Release|Any CPU.Build.0 = Release|Any CPU
		{8317647A-13E3-43CE-9F67-237B516F4DB6}.Release|x86.ActiveCfg = Release|Any CPU
		{8317647A-13E3-43CE-9F67-237B516F4DB6}.Release|x86.Build.0 = Release|Any CPU
		{D53D57B8-2EFC-4B8E-BA32-3302EF5F9836}.Debug|Any CPU.ActiveCfg = Debug|x86
		{D53D57B8-2EFC-4B8E-BA32-3302EF5F9836}.Debug|x86.ActiveCfg = Debug|x86
		{D53D57B8-2EFC-4B8E-BA32-3302EF5F9836}.Debug|x86.Build.0 = Debug|x86
		{D53D57B8-2EFC-4B8E-BA32-3302EF5F9836}.Release|Any CPU.ActiveCfg = Release|x86
		{D53D57B8-2EFC-4B8E-BA32-3302EF5F9836}.Release|x86.ActiveCfg = Release|x86
		{D53D57B8-2EFC-4B8E-BA32-3302EF5F9836}.Release|x86.Build.0 = Release|x86
	EndGlobalSection
	GlobalSection(SolutionProperties) = preSolution
		HideSolutionNode = FALSE
	EndGlobalSection
	GlobalSection(NestedProjects) = preSolution
		{69D92973-B7BC-4C0B-8038-F9063D2EB2A1} = {5130DE59-664E-4262-A66B-843EF83DB399}
		{0E418C82-3534-4604-BEE4-4E5BD0BB926D} = {5130DE59-664E-4262-A66B-843EF83DB399}
		{32FB07DD-7400-4011-BEBC-72ED503B4911} = {5130DE59-664E-4262-A66B-843EF83DB399}
		{73E59E4B-109F-45BF-AC22-EFFBCACFBF91} = {5130DE59-664E-4262-A66B-843EF83DB399}
		{854A8E9D-31D4-4BC5-89FF-703318999065} = {5130DE59-664E-4262-A66B-843EF83DB399}
		{5AC4FBCA-7DC4-49AD-B3EF-F5A7BA5A5A47} = {5130DE59-664E-4262-A66B-843EF83DB399}
		{AEB9C1BE-96CF-42F5-AB08-7A45817CF906} = {5130DE59-664E-4262-A66B-843EF83DB399}
		{140B142F-0A73-4561-91CA-2AD98CF38572} = {5130DE59-664E-4262-A66B-843EF83DB399}
		{8317647A-13E3-43CE-9F67-237B516F4DB6} = {82CF099A-0360-4FE0-8DDC-084450D1151E}
		{D53D57B8-2EFC-4B8E-BA32-3302EF5F9836} = {82CF099A-0360-4FE0-8DDC-084450D1151E}
	EndGlobalSection
	GlobalSection(ExtensibilityGlobals) = postSolution
		SolutionGuid = {C4D3EFBB-9208-45D9-8A8D-65C44E9FCEDA}
	EndGlobalSection
EndGlobal
